
Microsoft Visual Studio Solution File, Format Version 12.00
# Visual Studio Version 17
VisualStudioVersion = 17.5.002.0
MinimumVisualStudioVersion = 10.0.40219.1
Project("{9A19103F-16F7-4668-BE54-9A1E7A4F7556}") = "ASP.NET Core HTMX", "ASP.NET Core HTMX.csproj", "{2E79C5AD-135D-4E4C-923D-1038B75A4F18}"
EndProject
Global
	GlobalSection(SolutionConfigurationPlatforms) = preSolution
		Debug|Any CPU = Debug|Any CPU
		Release|Any CPU = Release|Any CPU
	EndGlobalSection
	GlobalSection(ProjectConfigurationPlatforms) = postSolution
		{2E79C5AD-135D-4E4C-923D-1038B75A4F18}.Debug|Any CPU.ActiveCfg = Debug|Any CPU
		{2E79C5AD-135D-4E4C-923D-1038B75A4F18}.Debug|Any CPU.Build.0 = Debug|Any CPU
		{2E79C5AD-135D-4E4C-923D-1038B75A4F18}.Release|Any CPU.ActiveCfg = Release|Any CPU
		{2E79C5AD-135D-4E4C-923D-1038B75A4F18}.Release|Any CPU.Build.0 = Release|Any CPU
	EndGlobalSection
	GlobalSection(SolutionProperties) = preSolution
		HideSolutionNode = FALSE
	EndGlobalSection
	GlobalSection(ExtensibilityGlobals) = postSolution
		SolutionGuid = {1EB69FCE-2A9C-499F-86EF-1196BC38C1CB}
	EndGlobalSection
EndGlobal
